Microsoft Visual Studio Solution File, Format Version 11.00
# Visual Studio 2008

Project("{C6E3FDA1-58FC-88CC-3845-672EECBB47C8}") = "The Low Road", "Assembly-CSharp.csproj", "{E006FC66-DD74-B8CA-6BA7-11493671D7A7}"
EndProject
Global
	GlobalSection(SolutionConfigurationPlatforms) = preSolution
		Debug|Any CPU = Debug|Any CPU
		Release|Any CPU = Release|Any CPU
	EndGlobalSection
	GlobalSection(ProjectConfigurationPlatforms) = postSolution
		{E006FC66-DD74-B8CA-6BA7-11493671D7A7}.Debug|Any CPU.ActiveCfg = Debug|Any CPU
		{E006FC66-DD74-B8CA-6BA7-11493671D7A7}.Debug|Any CPU.Build.0 = Debug|Any CPU
		{E006FC66-DD74-B8CA-6BA7-11493671D7A7}.Release|Any CPU.ActiveCfg = Release|Any CPU
		{E006FC66-DD74-B8CA-6BA7-11493671D7A7}.Release|Any CPU.Build.0 = Release|Any CPU
	EndGlobalSection
	GlobalSection(SolutionProperties) = preSolution
		HideSolutionNode = FALSE
	EndGlobalSection
	GlobalSection(MonoDevelopProperties) = preSolution
		StartupItem = Assembly-CSharp.csproj
	EndGlobalSection
EndGlobal
